// !$*UTF8*$!
{
	archiveVersion = 1;
	classes = {
	};
	objectVersion = 50;
	objects = {

/* Begin PBXBuildFile section */
		2D81D9C6247841AE004A5AAA /* AppDelegate.swift in Sources */ = {isa = PBXBuildFile; fileRef = 2D81D9C5247841AE004A5AAA /* AppDelegate.swift */; };
		2D81D9C8247841AE004A5AAA /* SceneDelegate.swift in Sources */ = {isa = PBXBuildFile; fileRef = 2D81D9C7247841AE004A5AAA /* SceneDelegate.swift */; };
		2D81D9CA247841AE004A5AAA /* PeopleVC.swift in Sources */ = {isa = PBXBuildFile; fileRef = 2D81D9C9247841AE004A5AAA /* PeopleVC.swift */; };
		2D81D9CC247841B2004A5AAA /* Assets.xcassets in Resources */ = {isa = PBXBuildFile; fileRef = 2D81D9CB247841B2004A5AAA /* Assets.xcassets */; };
		2D81D9D2247841B2004A5AAA /* LaunchScreen.storyboard in Resources */ = {isa = PBXBuildFile; fileRef = 2D81D9D0247841B2004A5AAA /* LaunchScreen.storyboard */; };
		2D81D9E024784821004A5AAA /* PersonCell.swift in Sources */ = {isa = PBXBuildFile; fileRef = 2D81D9DF24784821004A5AAA /* PersonCell.swift */; };
		2D81D9E324785716004A5AAA /* MockDataClient.swift in Sources */ = {isa = PBXBuildFile; fileRef = 2D81D9E224785716004A5AAA /* MockDataClient.swift */; };
		2D81D9E624785826004A5AAA /* ErrorMessage.swift in Sources */ = {isa = PBXBuildFile; fileRef = 2D81D9E524785826004A5AAA /* ErrorMessage.swift */; };
		2D81D9E924785AD5004A5AAA /* Person.swift in Sources */ = {isa = PBXBuildFile; fileRef = 2D81D9E824785AD5004A5AAA /* Person.swift */; };
		2D81D9EB24785D16004A5AAA /* Extensions.swift in Sources */ = {isa = PBXBuildFile; fileRef = 2D81D9EA24785D16004A5AAA /* Extensions.swift */; };
		2D81D9ED247864C2004A5AAA /* ActivityIndicatorContainer.swift in Sources */ = {isa = PBXBuildFile; fileRef = 2D81D9EC247864C2004A5AAA /* ActivityIndicatorContainer.swift */; };
/* End PBXBuildFile section */

/* Begin PBXFileReference section */
		2D81D9C2247841AE004A5AAA /* Antino Labs Task.app */ = {isa = PBXFileReference; explicitFileType = wrapper.application; includeInIndex = 0; path = "Antino Labs Task.app"; sourceTree = BUILT_PRODUCTS_DIR; };
		2D81D9C5247841AE004A5AAA /* AppDelegate.swift */ = {isa = PBXFileReference; lastKnownFileType = sourcecode.swift; path = AppDelegate.swift; sourceTree = "<group>"; };
		2D81D9C7247841AE004A5AAA /* SceneDelegate.swift */ = {isa = PBXFileReference; lastKnownFileType = sourcecode.swift; path = SceneDelegate.swift; sourceTree = "<group>"; };
		2D81D9C9247841AE004A5AAA /* PeopleVC.swift */ = {isa = PBXFileReference; lastKnownFileType = sourcecode.swift; path = PeopleVC.swift; sourceTree = "<group>"; };
		2D81D9CB247841B2004A5AAA /* Assets.xcassets */ = {isa = PBXFileReference; lastKnownFileType = folder.assetcatalog; path = Assets.xcassets; sourceTree = "<group>"; };
		2D81D9D1247841B2004A5AAA /* Base */ = {isa = PBXFileReference; lastKnownFileType = file.storyboard; name = Base; path = Base.lproj/LaunchScreen.storyboard; sourceTree = "<group>"; };
		2D81D9D3247841B2004A5AAA /* Info.plist */ = {isa = PBXFileReference; lastKnownFileType = text.plist.xml; path = Info.plist; sourceTree = "<group>"; };
		2D81D9DF24784821004A5AAA /* PersonCell.swift */ = {isa = PBXFileReference; lastKnownFileType = sourcecode.swift; path = PersonCell.swift; sourceTree = "<group>"; };
		2D81D9E224785716004A5AAA /* MockDataClient.swift */ = {isa = PBXFileReference; lastKnownFileType = sourcecode.swift; path = MockDataClient.swift; sourceTree = "<group>"; };
		2D81D9E524785826004A5AAA /* ErrorMessage.swift */ = {isa = PBXFileReference; lastKnownFileType = sourcecode.swift; path = ErrorMessage.swift; sourceTree = "<group>"; };
		2D81D9E824785AD5004A5AAA /* Person.swift */ = {isa = PBXFileReference; lastKnownFileType = sourcecode.swift; path = Person.swift; sourceTree = "<group>"; };
		2D81D9EA24785D16004A5AAA /* Extensions.swift */ = {isa = PBXFileReference; lastKnownFileType = sourcecode.swift; path = Extensions.swift; sourceTree = "<group>"; };
		2D81D9EC247864C2004A5AAA /* ActivityIndicatorContainer.swift */ = {isa = PBXFileReference; lastKnownFileType = sourcecode.swift; path = ActivityIndicatorContainer.swift; sourceTree = "<group>"; };
/* End PBXFileReference section */

/* Begin PBXFrameworksBuildPhase section */
		2D81D9BF247841AE004A5AAA /* Frameworks */ = {
			isa = PBXFrameworksBuildPhase;
			buildActionMask = 2147483647;
			files = (
			);
			runOnlyForDeploymentPostprocessing = 0;
		};
/* End PBXFrameworksBuildPhase section */

/* Begin PBXGroup section */
		2D81D9B9247841AE004A5AAA = {
			isa = PBXGroup;
			children = (
				2D81D9C4247841AE004A5AAA /* Antino Labs Task */,
				2D81D9C3247841AE004A5AAA /* Products */,
			);
			sourceTree = "<group>";
		};
		2D81D9C3247841AE004A5AAA /* Products */ = {
			isa = PBXGroup;
			children = (
				2D81D9C2247841AE004A5AAA /* Antino Labs Task.app */,
			);
			name = Products;
			sourceTree = "<group>";
		};
		2D81D9C4247841AE004A5AAA /* Antino Labs Task */ = {
			isa = PBXGroup;
			children = (
				2D81D9C5247841AE004A5AAA /* AppDelegate.swift */,
				2D81D9C7247841AE004A5AAA /* SceneDelegate.swift */,
				2D81D9E124785702004A5AAA /* Networking */,
				2D81D9D9247846F8004A5AAA /* People */,
				2D81D9E424785809004A5AAA /* Utils */,
				2D81D9CB247841B2004A5AAA /* Assets.xcassets */,
				2D81D9D0247841B2004A5AAA /* LaunchScreen.storyboard */,
				2D81D9D3247841B2004A5AAA /* Info.plist */,
			);
			path = "Antino Labs Task";
			sourceTree = "<group>";
		};
		2D81D9D9247846F8004A5AAA /* People */ = {
			isa = PBXGroup;
			children = (
				2D81D9E724785ACA004A5AAA /* Modal */,
				2D81D9DC2478479F004A5AAA /* Controller */,
				2D81D9DB2478479A004A5AAA /* View */,
			);
			path = People;
			sourceTree = "<group>";
		};
		2D81D9DB2478479A004A5AAA /* View */ = {
			isa = PBXGroup;
			children = (
				2D81D9DF24784821004A5AAA /* PersonCell.swift */,
			);
			path = View;
			sourceTree = "<group>";
		};
		2D81D9DC2478479F004A5AAA /* Controller */ = {
			isa = PBXGroup;
			children = (
				2D81D9C9247841AE004A5AAA /* PeopleVC.swift */,
			);
			path = Controller;
			sourceTree = "<group>";
		};
		2D81D9E124785702004A5AAA /* Networking */ = {
			isa = PBXGroup;
			children = (
				2D81D9E224785716004A5AAA /* MockDataClient.swift */,
			);
			path = Networking;
			sourceTree = "<group>";
		};
		2D81D9E424785809004A5AAA /* Utils */ = {
			isa = PBXGroup;
			children = (
				2D81D9E524785826004A5AAA /* ErrorMessage.swift */,
				2D81D9EA24785D16004A5AAA /* Extensions.swift */,
				2D81D9EC247864C2004A5AAA /* ActivityIndicatorContainer.swift */,
			);
			path = Utils;
			sourceTree = "<group>";
		};
		2D81D9E724785ACA004A5AAA /* Modal */ = {
			isa = PBXGroup;
			children = (
				2D81D9E824785AD5004A5AAA /* Person.swift */,
			);
			path = Modal;
			sourceTree = "<group>";
		};
/* End PBXGroup section */

/* Begin PBXNativeTarget section */
		2D81D9C1247841AE004A5AAA /* Antino Labs Task */ = {
			isa = PBXNativeTarget;
			buildConfigurationList = 2D81D9D6247841B2004A5AAA /* Build configuration list for PBXNativeTarget "Antino Labs Task" */;
			buildPhases = (
				2D81D9BE247841AE004A5AAA /* Sources */,
				2D81D9BF247841AE004A5AAA /* Frameworks */,
				2D81D9C0247841AE004A5AAA /* Resources */,
			);
			buildRules = (
			);
			dependencies = (
			);
			name = "Antino Labs Task";
			productName = "Antino Labs Task";
			productReference = 2D81D9C2247841AE004A5AAA /* Antino Labs Task.app */;
			productType = "com.apple.product-type.application";
		};
/* End PBXNativeTarget section */

/* Begin PBXProject section */
		2D81D9BA247841AE004A5AAA /* Project object */ = {
			isa = PBXProject;
			attributes = {
				LastSwiftUpdateCheck = 1150;
				LastUpgradeCheck = 1150;
				ORGANIZATIONNAME = "Ajay Choudhary";
				TargetAttributes = {
					2D81D9C1247841AE004A5AAA = {
						CreatedOnToolsVersion = 11.5;
					};
				};
			};
			buildConfigurationList = 2D81D9BD247841AE004A5AAA /* Build configuration list for PBXProject "Antino Labs Task" */;
			compatibilityVersion = "Xcode 9.3";
			developmentRegion = en;
			hasScannedForEncodings = 0;
			knownRegions = (
				en,
				Base,
			);
			mainGroup = 2D81D9B9247841AE004A5AAA;
			productRefGroup = 2D81D9C3247841AE004A5AAA /* Products */;
			projectDirPath = "";
			projectRoot = "";
			targets = (
				2D81D9C1247841AE004A5AAA /* Antino Labs Task */,
			);
		};
/* End PBXProject section */

/* Begin PBXResourcesBuildPhase section */
		2D81D9C0247841AE004A5AAA /* Resources */ = {
			isa = PBXResourcesBuildPhase;
			buildActionMask = 2147483647;
			files = (
				2D81D9D2247841B2004A5AAA /* LaunchScreen.storyboard in Resources */,
				2D81D9CC247841B2004A5AAA /* Assets.xcassets in Resources */,
			);
			runOnlyForDeploymentPostprocessing = 0;
		};
/* End PBXResourcesBuildPhase section */

/* Begin PBXSourcesBuildPhase section */
		2D81D9BE247841AE004A5AAA /* Sources */ = {
			isa = PBXSourcesBuildPhase;
			buildActionMask = 2147483647;
			files = (
				2D81D9C6247841AE004A5AAA /* AppDelegate.swift in Sources */,
				2D81D9C8247841AE004A5AAA /* SceneDelegate.swift in Sources */,
				2D81D9E024784821004A5AAA /* PersonCell.swift in Sources */,
				2D81D9EB24785D16004A5AAA /* Extensions.swift in Sources */,
				2D81D9ED247864C2004A5AAA /* ActivityIndicatorContainer.swift in Sources */,
				2D81D9E324785716004A5AAA /* MockDataClient.swift in Sources */,
				2D81D9E924785AD5004A5AAA /* Person.swift in Sources */,
				2D81D9CA247841AE004A5AAA /* PeopleVC.swift in Sources */,
				2D81D9E624785826004A5AAA /* ErrorMessage.swift in Sources */,
			);
			runOnlyForDeploymentPostprocessing = 0;
		};
/* End PBXSourcesBuildPhase section */

/* Begin PBXVariantGroup section */
		2D81D9D0247841B2004A5AAA /* LaunchScreen.storyboard */ = {
			isa = PBXVariantGroup;
			children = (
				2D81D9D1247841B2004A5AAA /* Base */,
			);
			name = LaunchScreen.storyboard;
			sourceTree = "<group>";
		};
/* End PBXVariantGroup section */

/* Begin XCBuildConfiguration section */
		2D81D9D4247841B2004A5AAA /* Debug */ = {
			isa = XCBuildConfiguration;
			buildSettings = {
				ALWAYS_SEARCH_USER_PATHS = NO;
				CLANG_ANALYZER_NONNULL = YES;
				CLANG_ANALYZER_NUMBER_OBJECT_CONVERSION = YES_AGGRESSIVE;
				CLANG_CXX_LANGUAGE_STANDARD = "gnu++14";
				CLANG_CXX_LIBRARY = "libc++";
				CLANG_ENABLE_MODULES = YES;
				CLANG_ENABLE_OBJC_ARC = YES;
				CLANG_ENABLE_OBJC_WEAK = YES;
				CLANG_WARN_BLOCK_CAPTURE_AUTORELEASING = YES;
				CLANG_WARN_BOOL_CONVERSION = YES;
				CLANG_WARN_COMMA = YES;
				CLANG_WARN_CONSTANT_CONVERSION = YES;
				CLANG_WARN_DEPRECATED_OBJC_IMPLEMENTATIONS = YES;
				CLANG_WARN_DIRECT_OBJC_ISA_USAGE = YES_ERROR;
				CLANG_WARN_DOCUMENTATION_COMMENTS = YES;
				CLANG_WARN_EMPTY_BODY = YES;
				CLANG_WARN_ENUM_CONVERSION = YES;
				CLANG_WARN_INFINITE_RECURSION = YES;
				CLANG_WARN_INT_CONVERSION = YES;
				CLANG_WARN_NON_LITERAL_NULL_CONVERSION = YES;
				CLANG_WARN_OBJC_IMPLICIT_RETAIN_SELF = YES;
				CLANG_WARN_OBJC_LITERAL_CONVERSION = YES;
				CLANG_WARN_OBJC_ROOT_CLASS = YES_ERROR;
				CLANG_WARN_RANGE_LOOP_ANALYSIS = YES;
				CLANG_WARN_STRICT_PROTOTYPES = YES;
				CLANG_WARN_SUSPICIOUS_MOVE = YES;
				CLANG_WARN_UNGUARDED_AVAILABILITY = YES_AGGRESSIVE;
				CLANG_WARN_UNREACHABLE_CODE = YES;
				CLANG_WARN__DUPLICATE_METHOD_MATCH = YES;
				COPY_PHASE_STRIP = NO;
				DEBUG_INFORMATION_FORMAT = dwarf;
				ENABLE_STRICT_OBJC_MSGSEND = YES;
				ENABLE_TESTABILITY = YES;
				GCC_C_LANGUAGE_STANDARD = gnu11;
				GCC_DYNAMIC_NO_PIC = NO;
				GCC_NO_COMMON_BLOCKS = YES;
				GCC_OPTIMIZATION_LEVEL = 0;
				GCC_PREPROCESSOR_DEFINITIONS = (
					"DEBUG=1",
					"$(inherited)",
				);
				GCC_WARN_64_TO_32_BIT_CONVERSION = YES;
				GCC_WARN_ABOUT_RETURN_TYPE = YES_ERROR;
				GCC_WARN_UNDECLARED_SELECTOR = YES;
				GCC_WARN_UNINITIALIZED_AUTOS = YES_AGGRESSIVE;
				GCC_WARN_UNUSED_FUNCTION = YES;
				GCC_WARN_UNUSED_VARIABLE = YES;
				IPHONEOS_DEPLOYMENT_TARGET = 13.5;
				MTL_ENABLE_DEBUG_INFO = INCLUDE_SOURCE;
				MTL_FAST_MATH = YES;
				ONLY_ACTIVE_ARCH = YES;
				SDKROOT = iphoneos;
				SWIFT_ACTIVE_COMPILATION_CONDITIONS = DEBUG;
				SWIFT_OPTIMIZATION_LEVEL = "-Onone";
			};
			name = Debug;
		};
		2D81D9D5247841B2004A5AAA /* Release */ = {
			isa = XCBuildConfiguration;
			buildSettings = {
				ALWAYS_SEARCH_USER_PATHS = NO;
				CLANG_ANALYZER_NONNULL = YES;
				CLANG_ANALYZER_NUMBER_OBJECT_CONVERSION = YES_AGGRESSIVE;
				CLANG_CXX_LANGUAGE_STANDARD = "gnu++14";
				CLANG_CXX_LIBRARY = "libc++";
				CLANG_ENABLE_MODULES = YES;
				CLANG_ENABLE_OBJC_ARC = YES;
				CLANG_ENABLE_OBJC_WEAK = YES;
				CLANG_WARN_BLOCK_CAPTURE_AUTORELEASING = YES;
				CLANG_WARN_BOOL_CONVERSION = YES;
				CLANG_WARN_COMMA = YES;
				CLANG_WARN_CONSTANT_CONVERSION = YES;
				CLANG_WARN_DEPRECATED_OBJC_IMPLEMENTATIONS = YES;
				CLANG_WARN_DIRECT_OBJC_ISA_USAGE = YES_ERROR;
				CLANG_WARN_DOCUMENTATION_COMMENTS = YES;
				CLANG_WARN_EMPTY_BODY = YES;
				CLANG_WARN_ENUM_CONVERSION = YES;
				CLANG_WARN_INFINITE_RECURSION = YES;
				CLANG_WARN_INT_CONVERSION = YES;
				CLANG_WARN_NON_LITERAL_NULL_CONVERSION = YES;
				CLANG_WARN_OBJC_IMPLICIT_RETAIN_SELF = YES;
				CLANG_WARN_OBJC_LITERAL_CONVERSION = YES;
				CLANG_WARN_OBJC_ROOT_CLASS = YES_ERROR;
				CLANG_WARN_RANGE_LOOP_ANALYSIS = YES;
				CLANG_WARN_STRICT_PROTOTYPES = YES;
				CLANG_WARN_SUSPICIOUS_MOVE = YES;
				CLANG_WARN_UNGUARDED_AVAILABILITY = YES_AGGRESSIVE;
				CLANG_WARN_UNREACHABLE_CODE = YES;
				CLANG_WARN__DUPLICATE_METHOD_MATCH = YES;
				COPY_PHASE_STRIP = NO;
				DEBUG_INFORMATION_FORMAT = "dwarf-with-dsym";
				ENABLE_NS_ASSERTIONS = NO;
				ENABLE_STRICT_OBJC_MSGSEND = YES;
				GCC_C_LANGUAGE_STANDARD = gnu11;
				GCC_NO_COMMON_BLOCKS = YES;
				GCC_WARN_64_TO_32_BIT_CONVERSION = YES;
				GCC_WARN_ABOUT_RETURN_TYPE = YES_ERROR;
				GCC_WARN_UNDECLARED_SELECTOR = YES;
				GCC_WARN_UNINITIALIZED_AUTOS = YES_AGGRESSIVE;
				GCC_WARN_UNUSED_FUNCTION = YES;
				GCC_WARN_UNUSED_VARIABLE = YES;
				IPHONEOS_DEPLOYMENT_TARGET = 13.5;
				MTL_ENABLE_DEBUG_INFO = NO;
				MTL_FAST_MATH = YES;
				SDKROOT = iphoneos;
				SWIFT_COMPILATION_MODE = wholemodule;
				SWIFT_OPTIMIZATION_LEVEL = "-O";
				VALIDATE_PRODUCT = YES;
			};
			name = Release;
		};
		2D81D9D7247841B2004A5AAA /* Debug */ = {
			isa = XCBuildConfiguration;
			buildSettings = {
				ASSETCATALOG_COMPILER_APPICON_NAME = AppIcon;
				CODE_SIGN_STYLE = Automatic;
				DEVELOPMENT_ASSET_PATHS = "";
				DEVELOPMENT_TEAM = 59S6RTNR57;
				ENABLE_PREVIEWS = YES;
				INFOPLIST_FILE = "Antino Labs Task/Info.plist";
				LD_RUNPATH_SEARCH_PATHS = (
					"$(inherited)",
					"@executable_path/Frameworks",
				);
				PRODUCT_BUNDLE_IDENTIFIER = "com.ajaychoudhary.Antino-Labs-Task";
				PRODUCT_NAME = "$(TARGET_NAME)";
				SWIFT_VERSION = 5.0;
				TARGETED_DEVICE_FAMILY = "1,2";
			};
			name = Debug;
		};
		2D81D9D8247841B2004A5AAA /* Release */ = {
			isa = XCBuildConfiguration;
			buildSettings = {
				ASSETCATALOG_COMPILER_APPICON_NAME = AppIcon;
				CODE_SIGN_STYLE = Automatic;
				DEVELOPMENT_ASSET_PATHS = "";
				DEVELOPMENT_TEAM = 59S6RTNR57;
				ENABLE_PREVIEWS = YES;
				INFOPLIST_FILE = "Antino Labs Task/Info.plist";
				LD_RUNPATH_SEARCH_PATHS = (
					"$(inherited)",
					"@executable_path/Frameworks",
				);
				PRODUCT_BUNDLE_IDENTIFIER = "com.ajaychoudhary.Antino-Labs-Task";
				PRODUCT_NAME = "$(TARGET_NAME)";
				SWIFT_VERSION = 5.0;
				TARGETED_DEVICE_FAMILY = "1,2";
			};
			name = Release;
		};
/* End XCBuildConfiguration section */

/* Begin XCConfigurationList section */
		2D81D9BD247841AE004A5AAA /* Build configuration list for PBXProject "Antino Labs Task" */ = {
			isa = XCConfigurationList;
			buildConfigurations = (
				2D81D9D4247841B2004A5AAA /* Debug */,
				2D81D9D5247841B2004A5AAA /* Release */,
			);
			defaultConfigurationIsVisible = 0;
			defaultConfigurationName = Release;
		};
		2D81D9D6247841B2004A5AAA /* Build configuration list for PBXNativeTarget "Antino Labs Task" */ = {
			isa = XCConfigurationList;
			buildConfigurations = (
				2D81D9D7247841B2004A5AAA /* Debug */,
				2D81D9D8247841B2004A5AAA /* Release */,
			);
			defaultConfigurationIsVisible = 0;
			defaultConfigurationName = Release;
		};
/* End XCConfigurationList section */
	};
	rootObject = 2D81D9BA247841AE004A5AAA /* Project object */;
}
